<?xml version="1.0" encoding="utf-8"?>
<Project ToolsVersion="4.0" xmlns="http://schemas.microsoft.com/developer/msbuild/2003">
  <ItemGroup>
    <Filter Include="Source Files">
      <UniqueIdentifier>{4FC737F1-C7A5-4376-A066-2A32D752A2FF}</UniqueIdentifier>
      <Extensions>cpp;c;cc;cxx;def;odl;idl;hpj;bat;asm;asmx</Extensions>
    </Filter>
  </ItemGroup>
  <ItemGroup>
    <ClCompile Include="Main.cpp">
      <Filter>Source Files</Filter>
    </ClCompile>
    <ClCompile Include="Object.cpp">
      <Filter>Source Files</Filter>
    </ClCompile>
    <ClCompile Include="Error.cpp">
      <Filter>Source Files</Filter>
    </ClCompile>
    <ClCompile Include="Context.cpp">
      <Filter>Source Files</Filter>
    </ClCompile>
    <ClCompile Include="IO.cpp">
      <Filter>Source Files</Filter>
    </ClCompile>
    <ClCompile Include="Scope.cpp">
      <Filter>Source Files</Filter>
    </ClCompile>
    <ClCompile Include="NativeFunctions.cpp">
      <Filter>Source Files</Filter>
    </ClCompile>
    <ClCompile Include="Syntax.cpp">
      <Filter>Source Files</Filter>
    </ClCompile>
    <ClCompile Include="ObjectPool.cpp">
      <Filter>Source Files</Filter>
    </ClCompile>
  </ItemGroup>
  <ItemGroup>
    <ClInclude Include="Object.hpp">
      <Filter>Source Files</Filter>
    </ClInclude>
    <ClInclude Include="Error.hpp">
      <Filter>Source Files</Filter>
    </ClInclude>
    <ClInclude Include="Context.hpp">
      <Filter>Source Files</Filter>
    </ClInclude>
    <ClInclude Include="IO.hpp">
      <Filter>Source Files</Filter>
    </ClInclude>
    <ClInclude Include="Scope.hpp">
      <Filter>Source Files</Filter>
    </ClInclude>
    <ClInclude Include="NativeFunctions.hpp">
      <Filter>Source Files</Filter>
    </ClInclude>
    <ClInclude Include="Syntax.hpp">
      <Filter>Source Files</Filter>
    </ClInclude>
    <ClInclude Include="ObjectPool.hpp">
      <Filter>Source Files</Filter>
    </ClInclude>
  </ItemGroup>
</Project>